<?xml version="1.0" encoding="utf-8"?>
<Project ToolsVersion="4.0" xmlns="http://schemas.microsoft.com/developer/msbuild/2003">
  <ItemGroup>
    <Filter Include="Source Files">
      <UniqueIdentifier>{4FC737F1-C7A5-4376-A066-2A32D752A2FF}</UniqueIdentifier>
      <Extensions>cpp;c;cc;cxx;c++;cppm;ixx;def;odl;idl;hpj;bat;asm;asmx</Extensions>
    </Filter>
    <Filter Include="Header Files">
      <UniqueIdentifier>{93995380-89BD-4b04-88EB-625FBE52EBFB}</UniqueIdentifier>
      <Extensions>h;hh;hpp;hxx;h++;hm;inl;inc;ipp;xsd</Extensions>
    </Filter>
    <Filter Include="Resource Files">
      <UniqueIdentifier>{67DA6AB6-F800-4c08-8B7A-83BB121AAD01}</UniqueIdentifier>
      <Extensions>rc;ico;cur;bmp;dlg;rc2;rct;bin;rgs;gif;jpg;jpeg;jpe;resx;tiff;tif;png;wav;mfcribbon-ms</Extensions>
    </Filter>
    <Filter Include="Header Files\ASHEngine.Logic.Interfaces">
      <UniqueIdentifier>{9e633663-6ead-4c34-a78b-45e4b3e03ae5}</UniqueIdentifier>
    </Filter>
    <Filter Include="Header Files\ASHEngine.Logic.Math">
      <UniqueIdentifier>{2497cd4c-2ce1-4207-b299-fc04789af97b}</UniqueIdentifier>
    </Filter>
  </ItemGroup>
  <ItemGroup>
    <ClCompile Include="ASHEngine.Logic.cpp">
      <Filter>Source Files</Filter>
    </ClCompile>
    <ClCompile Include="Vector2.cpp">
      <Filter>Source Files</Filter>
    </ClCompile>
    <ClCompile Include="Vectangle.cpp">
      <Filter>Source Files</Filter>
    </ClCompile>
  </ItemGroup>
  <ItemGroup>
    <ClInclude Include="IRender.h">
      <Filter>Header Files\ASHEngine.Logic.Interfaces</Filter>
    </ClInclude>
    <ClInclude Include="IUpdate.h">
      <Filter>Header Files\ASHEngine.Logic.Interfaces</Filter>
    </ClInclude>
    <ClInclude Include="ISceneObject.h">
      <Filter>Header Files\ASHEngine.Logic.Interfaces</Filter>
    </ClInclude>
    <ClInclude Include="Vector2.h">
      <Filter>Header Files\ASHEngine.Logic.Math</Filter>
    </ClInclude>
    <ClInclude Include="Vectangle.h">
      <Filter>Header Files\ASHEngine.Logic.Math</Filter>
    </ClInclude>
    <ClInclude Include="HierarchyNode.h">
      <Filter>Header Files</Filter>
    </ClInclude>
  </ItemGroup>
</Project>